
Microsoft Visual Studio Solution File, Format Version 12.00
# Visual Studio Version 17
VisualStudioVersion = 17.10.34916.146
MinimumVisualStudioVersion = 10.0.40219.1
Project("{FAE04EC0-301F-11D3-BF4B-00C04F79EFBC}") = "POC-Crud", "POC-Crud\POC-Crud.csproj", "{B5004D5D-1906-405C-9264-70D2E56AA3B8}"
EndProject
Global
	GlobalSection(SolutionConfigurationPlatforms) = preSolution
		Debug|Any CPU = Debug|Any CPU
		Release|Any CPU = Release|Any CPU
	EndGlobalSection
	GlobalSection(ProjectConfigurationPlatforms) = postSolution
		{B5004D5D-1906-405C-9264-70D2E56AA3B8}.Debug|Any CPU.ActiveCfg = Debug|Any CPU
		{B5004D5D-1906-405C-9264-70D2E56AA3B8}.Debug|Any CPU.Build.0 = Debug|Any CPU
		{B5004D5D-1906-405C-9264-70D2E56AA3B8}.Release|Any CPU.ActiveCfg = Release|Any CPU
		{B5004D5D-1906-405C-9264-70D2E56AA3B8}.Release|Any CPU.Build.0 = Release|Any CPU
	EndGlobalSection
	GlobalSection(SolutionProperties) = preSolution
		HideSolutionNode = FALSE
	EndGlobalSection
	GlobalSection(ExtensibilityGlobals) = postSolution
		SolutionGuid = {37490605-9286-45CB-87D0-187227662C94}
	EndGlobalSection
EndGlobal
